git.fractalqb.de/fractalqb/c4hgol v0.12.0/go.mod h1:WaEjUnHxxec4RshLTh6cbtbzTnaYYgsK01gjrkBmuoo=
git.fractalqb.de/fractalqb/c4hgol v0.13.0 h1:K//N7Qj+ZMhVip5ffoChQx5Tx+H79Ftw54DuKU9tmho=
git.fractalqb.de/fractalqb/c4hgol v0.13.0/go.mod h1:NCwvC/sV+V5qE4h9FGzKDgl2nsBw3hOpNbThEgnIWvM=
git.fractalqb.de/fractalqb/nmconv v1.0.2/go.mod h1:gMsx/GoC/NtYT0LGv0kxCQF79LG7bI0QilIgLi7GD3o=
git.fractalqb.de/fractalqb/pack v0.8.0 h1:69FBXsag6tOc9psIrycKfexNn02q2s2sVMS4+MTJ1Rc=
git.fractalqb.de/fractalqb/pack v0.8.0/go.mod h1:N4osLaiH+JY5Lr4vOrlivGZdiMYlsIZhniAwbGBsIlc=
git.fractalqb.de/fractalqb/pack v0.8.1 h1:AdCnbxZsqTpjcT1HIeH3vs2KBfEnyf80aw8GKC3XplA=
git.fractalqb.de/fractalqb/pack v0.8.1/go.mod h1:i3shwo81FpRl+lgys2QIPE6vNH/ufHsR/CeleQNcyDw=
git.fractalqb.de/fractalqb/qblog v0.12.0 h1:f6voN5R1xZY6Lf621APU+Dtbkk7w9BtSGQ/Q1jwIJbA=
git.fractalqb.de/fractalqb/qblog v0.12.0/go.mod h1:Rp063/Hu1HGTUQnL6JU35HfGAsNaNSNSq6zCbYzyswg=
git.fractalqb.de/fractalqb/qblog v0.12.1 h1:tICaCCF7ppZtQWOe6B7K6tS4NkR1JxMsYXv21PYSQtY=
git.fractalqb.de/fractalqb/qblog v0.12.1/go.mod h1:Rp063/Hu1HGTUQnL6JU35HfGAsNaNSNSq6zCbYzyswg=
git.fractalqb.de/fractalqb/qblog v0.12.2 h1:2Eh9/LkUn3qiJ4B8RUjrn8Eb0D6W9T8wnsl1OcB/xec=
git.fractalqb.de/fractalqb/qblog v0.12.2/go.mod h1:Rp063/Hu1HGTUQnL6JU35HfGAsNaNSNSq6zCbYzyswg=
git.fractalqb.de/fractalqb/sllm/v2 v2.0.0-alpha h1:mjhs5Pc0/G2Vtx6CwsgMtN3MsFGzv5awxou4WEN+Kmc=
git.fractalqb.de/fractalqb/sllm/v2 v2.0.0-alpha/go.mod h1:cZaIrlY3XQkvjFigU9RmUvXtT5tVqoNDkpV/qaIl3EA=
git.fractalqb.de/fractalqb/sllm/v2 v2.1.0-alpha h1:BeXgsYGC+ZXjSRfB0p2rm7IhQlPvXMnbBrImRbR2LxU=
git.fractalqb.de/fractalqb/sllm/v2 v2.1.0-alpha/go.mod h1:cZaIrlY3XQkvjFigU9RmUvXtT5tVqoNDkpV/qaIl3EA=
github.com/kr/pretty v0.1.0/go.mod h1:dAy3ld7l9f0ibDNOQOHHMYYIIbhfbHSm3C4ZsoJORNo=
github.com/kr/pty v1.1.1/go.mod h1:pFQYn66WHrOpPYNljwOMqo10TkYh1fy3cYio2l3bCsQ=
github.com/kr/text v0.1.0/go.mod h1:4Jbv+DJW3UT/LiOwJeYQe1efqtUx/iVham/4vfdArNI=
github.com/stvp/assert v0.0.0-20170616060220-4bc16443988b/go.mod h1:CC7OXV9IjEZRA+znA6/Kz5vbSwh69QioernOHeDCatU=
