git.fractalqb.de/fractalqb/c4hgol v0.10.4 h1:zomUzJTrazoAKsabEbL0qSLVSbPdF4hxEF1fnBOtaDA=
git.fractalqb.de/fractalqb/c4hgol v0.10.4/go.mod h1:WaEjUnHxxec4RshLTh6cbtbzTnaYYgsK01gjrkBmuoo=
git.fractalqb.de/fractalqb/c4qblog v0.9.7 h1:uGpbVf8cQKj/ogLZRGn7mQ52iQ5jsH7eayzK04WO0XI=
git.fractalqb.de/fractalqb/c4qblog v0.9.7/go.mod h1:bhOr8JN6ooFkACQ6sk2Ttvql1b09KnCtztC8APZZRNM=
git.fractalqb.de/fractalqb/nmconv v1.0.1/go.mod h1:gMsx/GoC/NtYT0LGv0kxCQF79LG7bI0QilIgLi7GD3o=
git.fractalqb.de/fractalqb/pack v0.7.0 h1:SCGgP8KXxHpee9nr9ZLPyRDHV3NR9OrscPK8/yVJmAs=
git.fractalqb.de/fractalqb/pack v0.7.0/go.mod h1:numzwQ4qG44S9708TOfRBcZZjge9cTpvfqCej4Eco6w=
git.fractalqb.de/fractalqb/qblog v0.10.1 h1:ZKYPNA7Cy/iSA2mWRsptVf+xeX+Lfzl0Nzm8OreagFA=
git.fractalqb.de/fractalqb/qblog v0.10.1/go.mod h1:cQS2sL/5ZzPpCG/vjuKBfSk540bnj+w2vtF5px89L8c=
git.fractalqb.de/fractalqb/qbsllm v0.11.3 h1:h4qRAkBnSB9pCmHROpC8a+ENwuXMeNy6360fa+CE320=
git.fractalqb.de/fractalqb/qbsllm v0.11.3/go.mod h1:rf3aCDGzOHjswbCDr16PSmDqANRT+GN68sDqqfLIIEo=
git.fractalqb.de/fractalqb/sllm v1.0.1 h1:nw9w86xJrBXmAy+E9Sh04+03ZKSjSwTyXuoKsY3E5aU=
git.fractalqb.de/fractalqb/sllm v1.0.1/go.mod h1:FP5GT2IDYvQvTqrosd9Dnd9BfcOeKZnp8LgPbFiJuSA=
github.com/kr/pretty v0.1.0/go.mod h1:dAy3ld7l9f0ibDNOQOHHMYYIIbhfbHSm3C4ZsoJORNo=
github.com/kr/pty v1.1.1/go.mod h1:pFQYn66WHrOpPYNljwOMqo10TkYh1fy3cYio2l3bCsQ=
github.com/kr/text v0.1.0/go.mod h1:4Jbv+DJW3UT/LiOwJeYQe1efqtUx/iVham/4vfdArNI=
github.com/mattn/go-sqlite3 v1.14.7/go.mod h1:NyWgC/yNuGj7Q9rpYnZvas74GogHl5/Z4A/KQRfk6bU=
github.com/stvp/assert v0.0.0-20170616060220-4bc16443988b/go.mod h1:CC7OXV9IjEZRA+znA6/Kz5vbSwh69QioernOHeDCatU=
